Microsoft Visual Studio Solution File, Format Version 12.00
# Visual Studio Version 17
VisualStudioVersion = 17.4.33205.214
MinimumVisualStudioVersion = 10.0.40219.1
Project("{2150E333-8FDC-42A3-9474-1A3956D46DE8}") = "misc", "misc", "{126ABD15-E8CF-4814-A97C-A81A0F67FBD9}"
	ProjectSection(SolutionItems) = preProject
		.editorconfig = .editorconfig
		.gitignore = .gitignore
		.mr-develop-to-master.bat = .mr-develop-to-master.bat
		.tag.sh = .tag.sh
		.test.bat = .test.bat
		.test.sh = .test.sh
		.version = .version
		CHANGELOG.md = CHANGELOG.md
		coverlet.runsettings = coverlet.runsettings
		Directory.Build.props = Directory.Build.props
		icon.png = icon.png
		LICENSE.txt = LICENSE.txt
		README.md = README.md
	EndProjectSection
EndProject
Project("{2150E333-8FDC-42A3-9474-1A3956D46DE8}") = "src", "src", "{F81715D0-A05A-47BA-84E2-4F41E9DE63FE}"
EndProject
Project("{2150E333-8FDC-42A3-9474-1A3956D46DE8}") = "test", "test", "{E52491F4-0BC7-43AB-8175-3E34A8CD2A60}"
EndProject
Global
	GlobalSection(SolutionProperties) = preSolution
		HideSolutionNode = FALSE
	EndGlobalSection
	GlobalSection(ExtensibilityGlobals) = postSolution
		SolutionGuid = {75145E2F-CEAF-495C-953B-CDBC53F7CFF4}
	EndGlobalSection
EndGlobal
